
Microsoft Visual Studio Solution File, Format Version 12.00
# Visual Studio Version 17
VisualStudioVersion = 17.10.35013.160
MinimumVisualStudioVersion = 10.0.40219.1
Project("{FAE04EC0-301F-11D3-BF4B-00C04F79EFBC}") = "Demo 04 Advaced C#", "Demo 04 Advaced C#\Demo 04 Advaced C#.csproj", "{3BE3DC8F-EDFB-46C5-8789-D072153F38DA}"
EndProject
Global
	GlobalSection(SolutionConfigurationPlatforms) = preSolution
		Debug|Any CPU = Debug|Any CPU
		Release|Any CPU = Release|Any CPU
	EndGlobalSection
	GlobalSection(ProjectConfigurationPlatforms) = postSolution
		{3BE3DC8F-EDFB-46C5-8789-D072153F38DA}.Debug|Any CPU.ActiveCfg = Debug|Any CPU
		{3BE3DC8F-EDFB-46C5-8789-D072153F38DA}.Debug|Any CPU.Build.0 = Debug|Any CPU
		{3BE3DC8F-EDFB-46C5-8789-D072153F38DA}.Release|Any CPU.ActiveCfg = Release|Any CPU
		{3BE3DC8F-EDFB-46C5-8789-D072153F38DA}.Release|Any CPU.Build.0 = Release|Any CPU
	EndGlobalSection
	GlobalSection(SolutionProperties) = preSolution
		HideSolutionNode = FALSE
	EndGlobalSection
	GlobalSection(ExtensibilityGlobals) = postSolution
		SolutionGuid = {7CA6BCFA-7D20-4C02-8357-80837C506AFC}
	EndGlobalSection
EndGlobal
